Microsoft Visual Studio Solution File, Format Version 12.00
# Visual Studio Version 17
VisualStudioVersion = 17.13.35723.152
MinimumVisualStudioVersion = 10.0.40219.1
Project("{FAE04EC0-301F-11D3-BF4B-00C04F79EFBC}") = "RedMist.Timing.UI", "RedMist.Timing.UI\RedMist.Timing.UI.csproj", "{723F199A-20BD-CC3B-0A1B-1F2E37627491}"
EndProject
Project("{FAE04EC0-301F-11D3-BF4B-00C04F79EFBC}") = "RedMist.Timing.UI.Android", "RedMist.Timing.UI.Android\RedMist.Timing.UI.Android.csproj", "{F770E86B-0734-06D9-3F27-B97C47269670}"
EndProject
Project("{FAE04EC0-301F-11D3-BF4B-00C04F79EFBC}") = "RedMist.Timing.UI.Browser", "RedMist.Timing.UI.Browser\RedMist.Timing.UI.Browser.csproj", "{00404A9B-ED78-8187-C8B7-0F923CB7B5F3}"
EndProject
Project("{FAE04EC0-301F-11D3-BF4B-00C04F79EFBC}") = "RedMist.Timing.UI.Desktop", "RedMist.Timing.UI.Desktop\RedMist.Timing.UI.Desktop.csproj", "{FF966585-F997-9F07-C052-D376CA9F8BD8}"
EndProject
Project("{FAE04EC0-301F-11D3-BF4B-00C04F79EFBC}") = "RedMist.Timing.UI.iOS", "RedMist.Timing.UI.iOS\RedMist.Timing.UI.iOS.csproj", "{3A79C4BB-A68D-088F-0F69-2E61E7E239B1}"
EndProject
Project("{FAE04EC0-301F-11D3-BF4B-00C04F79EFBC}") = "RedMist.TimingCommon", "redmist-timing-common\RedMist.TimingCommon\RedMist.TimingCommon.csproj", "{0E3292A9-D018-8A12-0037-2B5F75C52CFA}"
EndProject
Project("{2150E333-8FDC-42A3-9474-1A3956D46DE8}") = "submodules", "submodules", "{02EA681E-C7D8-13C7-8484-4AC65E1B71E8}"
EndProject
Project("{FAE04EC0-301F-11D3-BF4B-00C04F79EFBC}") = "BigMission.Shared", "bigmission-shared\BigMission.Shared\BigMission.Shared.csproj", "{B4143355-4E45-84AE-0D47-ADCF5651B041}"
EndProject
Project("{2150E333-8FDC-42A3-9474-1A3956D46DE8}") = "Solution Items", "Solution Items", "{EBB828D8-2DD4-446E-AEA2-9C4C30174204}"
	ProjectSection(SolutionItems) = preProject
		.dockerignore = .dockerignore
		Directory.Build.props = Directory.Build.props
		Directory.Packages.props = Directory.Packages.props
		README.md = README.md
	EndProjectSection
EndProject
Global
	GlobalSection(SolutionConfigurationPlatforms) = preSolution
		Debug|Any CPU = Debug|Any CPU
		Release|Any CPU = Release|Any CPU
	EndGlobalSection
	GlobalSection(ProjectConfigurationPlatforms) = postSolution
		{723F199A-20BD-CC3B-0A1B-1F2E37627491}.Debug|Any CPU.ActiveCfg = Debug|Any CPU
		{723F199A-20BD-CC3B-0A1B-1F2E37627491}.Debug|Any CPU.Build.0 = Debug|Any CPU
		{723F199A-20BD-CC3B-0A1B-1F2E37627491}.Release|Any CPU.ActiveCfg = Release|Any CPU
		{723F199A-20BD-CC3B-0A1B-1F2E37627491}.Release|Any CPU.Build.0 = Release|Any CPU
		{F770E86B-0734-06D9-3F27-B97C47269670}.Debug|Any CPU.ActiveCfg = Debug|Any CPU
		{F770E86B-0734-06D9-3F27-B97C47269670}.Debug|Any CPU.Build.0 = Debug|Any CPU
		{F770E86B-0734-06D9-3F27-B97C47269670}.Debug|Any CPU.Deploy.0 = Debug|Any CPU
		{F770E86B-0734-06D9-3F27-B97C47269670}.Release|Any CPU.ActiveCfg = Release|Any CPU
		{F770E86B-0734-06D9-3F27-B97C47269670}.Release|Any CPU.Build.0 = Release|Any CPU
		{F770E86B-0734-06D9-3F27-B97C47269670}.Release|Any CPU.Deploy.0 = Release|Any CPU
		{00404A9B-ED78-8187-C8B7-0F923CB7B5F3}.Debug|Any CPU.ActiveCfg = Debug|Any CPU
		{00404A9B-ED78-8187-C8B7-0F923CB7B5F3}.Debug|Any CPU.Build.0 = Debug|Any CPU
		{00404A9B-ED78-8187-C8B7-0F923CB7B5F3}.Release|Any CPU.ActiveCfg = Release|Any CPU
		{00404A9B-ED78-8187-C8B7-0F923CB7B5F3}.Release|Any CPU.Build.0 = Release|Any CPU
		{FF966585-F997-9F07-C052-D376CA9F8BD8}.Debug|Any CPU.ActiveCfg = Debug|Any CPU
		{FF966585-F997-9F07-C052-D376CA9F8BD8}.Debug|Any CPU.Build.0 = Debug|Any CPU
		{FF966585-F997-9F07-C052-D376CA9F8BD8}.Release|Any CPU.ActiveCfg = Release|Any CPU
		{FF966585-F997-9F07-C052-D376CA9F8BD8}.Release|Any CPU.Build.0 = Release|Any CPU
		{3A79C4BB-A68D-088F-0F69-2E61E7E239B1}.Debug|Any CPU.ActiveCfg = Debug|Any CPU
		{3A79C4BB-A68D-088F-0F69-2E61E7E239B1}.Debug|Any CPU.Build.0 = Debug|Any CPU
		{3A79C4BB-A68D-088F-0F69-2E61E7E239B1}.Debug|Any CPU.Deploy.0 = Debug|Any CPU
		{3A79C4BB-A68D-088F-0F69-2E61E7E239B1}.Release|Any CPU.ActiveCfg = Release|Any CPU
		{3A79C4BB-A68D-088F-0F69-2E61E7E239B1}.Release|Any CPU.Build.0 = Release|Any CPU
		{3A79C4BB-A68D-088F-0F69-2E61E7E239B1}.Release|Any CPU.Deploy.0 = Release|Any CPU
		{0E3292A9-D018-8A12-0037-2B5F75C52CFA}.Debug|Any CPU.ActiveCfg = Debug|Any CPU
		{0E3292A9-D018-8A12-0037-2B5F75C52CFA}.Debug|Any CPU.Build.0 = Debug|Any CPU
		{0E3292A9-D018-8A12-0037-2B5F75C52CFA}.Release|Any CPU.ActiveCfg = Release|Any CPU
		{0E3292A9-D018-8A12-0037-2B5F75C52CFA}.Release|Any CPU.Build.0 = Release|Any CPU
		{B4143355-4E45-84AE-0D47-ADCF5651B041}.Debug|Any CPU.ActiveCfg = Debug|Any CPU
		{B4143355-4E45-84AE-0D47-ADCF5651B041}.Debug|Any CPU.Build.0 = Debug|Any CPU
		{B4143355-4E45-84AE-0D47-ADCF5651B041}.Release|Any CPU.ActiveCfg = Release|Any CPU
		{B4143355-4E45-84AE-0D47-ADCF5651B041}.Release|Any CPU.Build.0 = Release|Any CPU
	EndGlobalSection
	GlobalSection(SolutionProperties) = preSolution
		HideSolutionNode = FALSE
	EndGlobalSection
	GlobalSection(NestedProjects) = preSolution
		{0E3292A9-D018-8A12-0037-2B5F75C52CFA} = {02EA681E-C7D8-13C7-8484-4AC65E1B71E8}
		{B4143355-4E45-84AE-0D47-ADCF5651B041} = {02EA681E-C7D8-13C7-8484-4AC65E1B71E8}
	EndGlobalSection
	GlobalSection(ExtensibilityGlobals) = postSolution
		SolutionGuid = {0988C19D-0C38-4B74-BA04-C30FA48A521D}
	EndGlobalSection
EndGlobal
